# THIS IS AN AUTOGENERATED FILE. DO NOT EDIT THIS FILE DIRECTLY.
# yarn lockfile v1


n-readlines@^0.2.8:
  version "0.2.8"
  resolved "https://registry.yarnpkg.com/n-readlines/-/n-readlines-0.2.8.tgz#6022f0b1a034a32dc0bfcc0e8ca9fbd6877d341a"

readline-sync@^1.4.9:
  version "1.4.9"
  resolved "https://registry.yarnpkg.com/readline-sync/-/readline-sync-1.4.9.tgz#3eda8e65f23cd2a17e61301b1f0003396af5ecda"
